
Microsoft Visual Studio Solution File, Format Version 12.00
# Visual Studio 2013
VisualStudioVersion = 12.0.31101.0
MinimumVisualStudioVersion = 10.0.40219.1
Project("{FAE04EC0-301F-11D3-BF4B-00C04F79EFBC}") = "KGG_5", "KGG_5\KGG_5.csproj", "{A611C0D4-2E1F-4905-8520-E39612B3D2B6}"
EndProject
Global
	GlobalSection(SolutionConfigurationPlatforms) = preSolution
		Debug|Any CPU = Debug|Any CPU
		Release|Any CPU = Release|Any CPU
	EndGlobalSection
	GlobalSection(ProjectConfigurationPlatforms) = postSolution
		{A611C0D4-2E1F-4905-8520-E39612B3D2B6}.Debug|Any CPU.ActiveCfg = Debug|Any CPU
		{A611C0D4-2E1F-4905-8520-E39612B3D2B6}.Debug|Any CPU.Build.0 = Debug|Any CPU
		{A611C0D4-2E1F-4905-8520-E39612B3D2B6}.Release|Any CPU.ActiveCfg = Release|Any CPU
		{A611C0D4-2E1F-4905-8520-E39612B3D2B6}.Release|Any CPU.Build.0 = Release|Any CPU
	EndGlobalSection
	GlobalSection(SolutionProperties) = preSolution
		HideSolutionNode = FALSE
	EndGlobalSection
EndGlobal
